<?xml version="1.0" encoding="utf-8"?>
<Project ToolsVersion="4.0" xmlns="http://schemas.microsoft.com/developer/msbuild/2003">
  <ItemGroup>
    <Filter Include="Resource Files">
      <UniqueIdentifier>{D9D6E242-F8AF-46E4-B9FD-80ECBC20BA3E}</UniqueIdentifier>
      <Extensions>qrc;*</Extensions>
      <ParseFiles>false</ParseFiles>
    </Filter>
    <Filter Include="Form Files">
      <UniqueIdentifier>{99349809-55BA-4b9d-BF79-8FDBB0286EB3}</UniqueIdentifier>
      <Extensions>ui</Extensions>
    </Filter>
    <Filter Include="Resource Files">
      <UniqueIdentifier>{D9D6E242-F8AF-46E4-B9FD-80ECBC20BA3E}</UniqueIdentifier>
      <Extensions>qrc;*</Extensions>
      <ParseFiles>false</ParseFiles>
    </Filter>
    <Filter Include="Generated Files">
      <UniqueIdentifier>{71ED8ED8-ACB9-4CE9-BBE1-E00B30144E11}</UniqueIdentifier>
      <Extensions>moc;h;cpp</Extensions>
      <SourceControlFiles>False</SourceControlFiles>
    </Filter>
    <Filter Include="CanPool">
      <UniqueIdentifier>{7af12f1b-5569-4806-8049-243f3706fd5d}</UniqueIdentifier>
    </Filter>
    <Filter Include="CanPool\Header Files">
      <UniqueIdentifier>{1fbffed5-0997-40e4-8436-7c6dfcbf7260}</UniqueIdentifier>
    </Filter>
    <Filter Include="CanPool\Source Files">
      <UniqueIdentifier>{42f31817-fca1-48c6-bab4-ee4c82c48c97}</UniqueIdentifier>
    </Filter>
    <Filter Include="ExampleMode">
      <UniqueIdentifier>{c0e79129-b8bf-45e8-8ae4-fc02cfa9ac42}</UniqueIdentifier>
    </Filter>
    <Filter Include="ExampleMode\Header Files">
      <UniqueIdentifier>{8897df62-9242-4374-bd75-f5508390e8d2}</UniqueIdentifier>
    </Filter>
    <Filter Include="ExampleMode\Source Files">
      <UniqueIdentifier>{a855dc62-5860-4726-a86a-bb20c2f381bd}</UniqueIdentifier>
    </Filter>
    <Filter Include="FMI">
      <UniqueIdentifier>{a6ec8702-dccf-4248-a4b6-8c07fd2207b3}</UniqueIdentifier>
    </Filter>
    <Filter Include="FMI\Header Files">
      <UniqueIdentifier>{39b1f5d0-e0f3-41f2-b5f6-b7cb5e1fb905}</UniqueIdentifier>
    </Filter>
    <Filter Include="FMI\Source Files">
      <UniqueIdentifier>{f323b7c7-3d91-4b81-a21e-7d3ed6a40eb8}</UniqueIdentifier>
    </Filter>
    <Filter Include="HLA">
      <UniqueIdentifier>{f91456f6-2038-464a-b11c-c0ce25fa73ba}</UniqueIdentifier>
    </Filter>
    <Filter Include="HLA\Header Files">
      <UniqueIdentifier>{baf9362f-7bca-4fb6-b470-333d060aaec8}</UniqueIdentifier>
    </Filter>
    <Filter Include="HLA\Source Files">
      <UniqueIdentifier>{051f3285-9339-4c9d-85fe-976b276c890f}</UniqueIdentifier>
    </Filter>
    <Filter Include="main">
      <UniqueIdentifier>{af2552cd-b54c-4693-a0e4-b8a84620841a}</UniqueIdentifier>
    </Filter>
    <Filter Include="main\Header Files">
      <UniqueIdentifier>{93684582-80a2-47f9-9988-958b49a98a19}</UniqueIdentifier>
    </Filter>
    <Filter Include="main\Source Files">
      <UniqueIdentifier>{57fc8be9-b790-4fc7-b523-d5918d829149}</UniqueIdentifier>
    </Filter>
    <Filter Include="Plugin-CustomPlot">
      <UniqueIdentifier>{0224b1a2-a529-400c-9fdc-f5144be7b11c}</UniqueIdentifier>
    </Filter>
    <Filter Include="Plugin-CustomPlot\Header Files">
      <UniqueIdentifier>{fb2627b2-9cdb-4c70-bd5f-29bdef9543d1}</UniqueIdentifier>
    </Filter>
    <Filter Include="Plugin-CustomPlot\Source Files">
      <UniqueIdentifier>{69132f99-f286-458f-a86c-92bef02bf91a}</UniqueIdentifier>
    </Filter>
    <Filter Include="Plugin-Dial">
      <UniqueIdentifier>{b1b20051-08c3-49a9-b38a-a333df58efa4}</UniqueIdentifier>
    </Filter>
    <Filter Include="Plugin-Dial\Header Files">
      <UniqueIdentifier>{7cf9ddcf-3b82-4d71-8ac0-40fba2d655e4}</UniqueIdentifier>
    </Filter>
    <Filter Include="Plugin-Dial\Source Files">
      <UniqueIdentifier>{44e76d3d-fc55-4825-8990-9843ebe7bde6}</UniqueIdentifier>
    </Filter>
    <Filter Include="Plugin-ProcessBar">
      <UniqueIdentifier>{d48e873c-d13c-409b-a404-e2c55a1d70e5}</UniqueIdentifier>
    </Filter>
    <Filter Include="Plugin-ProcessBar\Header Files">
      <UniqueIdentifier>{6d9ee35f-4522-4fdb-a459-3deea42ba678}</UniqueIdentifier>
    </Filter>
    <Filter Include="Plugin-ProcessBar\Source Files">
      <UniqueIdentifier>{b86aa3a0-851d-46f5-83dd-e6e442a029bc}</UniqueIdentifier>
    </Filter>
    <Filter Include="FMIAdvance">
      <UniqueIdentifier>{86308000-2e6b-4a4e-9090-ec48d2a8216a}</UniqueIdentifier>
    </Filter>
    <Filter Include="FMIAdvance\Header Files">
      <UniqueIdentifier>{6ff66282-6458-4f35-a2e1-4f7bcd0f0a3a}</UniqueIdentifier>
    </Filter>
    <Filter Include="FMIAdvance\Source Files">
      <UniqueIdentifier>{18412897-9331-4592-b91d-6ae83ece0b55}</UniqueIdentifier>
    </Filter>
    <Filter Include="Modeling">
      <UniqueIdentifier>{adda8292-726f-4c56-84c5-8d3bc65211a7}</UniqueIdentifier>
    </Filter>
    <Filter Include="Modeling\Header Files">
      <UniqueIdentifier>{ae8f7a44-7ed0-43a5-ac13-0278a7d03bd0}</UniqueIdentifier>
    </Filter>
    <Filter Include="Modeling\SourceFiles">
      <UniqueIdentifier>{5e595635-da64-4e11-8db0-89fe6de5748c}</UniqueIdentifier>
    </Filter>
  </ItemGroup>
  <ItemGroup>
    <QtUic Include="SimuGUI.ui">
      <Filter>Form Files</Filter>
    </QtUic>
  </ItemGroup>
  <ItemGroup>
    <QtRcc Include="SimuGUI.qrc">
      <Filter>Resource Files</Filter>
    </QtRcc>
  </ItemGroup>
  <ItemGroup>
    <QtMoc Include="CanPool\Header Files\centralarea.h">
      <Filter>CanPool\Header Files</Filter>
    </QtMoc>
    <QtMoc Include="CanPool\Header Files\fancybanner.h">
      <Filter>CanPool\Header Files</Filter>
    </QtMoc>
    <QtMoc Include="CanPool\Header Files\fancybar.h">
      <Filter>CanPool\Header Files</Filter>
    </QtMoc>
    <QtMoc Include="CanPool\Header Files\fancybutton.h">
      <Filter>CanPool\Header Files</Filter>
    </QtMoc>
    <QtMoc Include="CanPool\Header Files\fancydialog.h">
      <Filter>CanPool\Header Files</Filter>
    </QtMoc>
    <QtMoc Include="CanPool\Header Files\fancynavbar.h">
      <Filter>CanPool\Header Files</Filter>
    </QtMoc>
    <QtMoc Include="CanPool\Header Files\fancynavbutton.h">
      <Filter>CanPool\Header Files</Filter>
    </QtMoc>
    <QtMoc Include="CanPool\Header Files\fancytab.h">
      <Filter>CanPool\Header Files</Filter>
    </QtMoc>
    <QtMoc Include="CanPool\Header Files\fancytabbar.h">
      <Filter>CanPool\Header Files</Filter>
    </QtMoc>
    <QtMoc Include="CanPool\Header Files\fancytabwidget.h">
      <Filter>CanPool\Header Files</Filter>
    </QtMoc>
    <QtMoc Include="CanPool\Header Files\fancywindow.h">
      <Filter>CanPool\Header Files</Filter>
    </QtMoc>
    <QtMoc Include="CanPool\Header Files\imode.h">
      <Filter>CanPool\Header Files</Filter>
    </QtMoc>
    <QtMoc Include="CanPool\Header Files\imodebar.h">
      <Filter>CanPool\Header Files</Filter>
    </QtMoc>
    <QtMoc Include="CanPool\Header Files\imodebar_p.h">
      <Filter>CanPool\Header Files</Filter>
    </QtMoc>
    <QtMoc Include="CanPool\Header Files\imodebutton.h">
      <Filter>CanPool\Header Files</Filter>
    </QtMoc>
    <QtMoc Include="CanPool\Header Files\minicard.h">
      <Filter>CanPool\Header Files</Filter>
    </QtMoc>
    <QtMoc Include="CanPool\Header Files\minisplitter.h">
      <Filter>CanPool\Header Files</Filter>
    </QtMoc>
    <QtMoc Include="CanPool\Header Files\ministack.h">
      <Filter>CanPool\Header Files</Filter>
    </QtMoc>
    <QtMoc Include="CanPool\Header Files\modemanager.h">
      <Filter>CanPool\Header Files</Filter>
    </QtMoc>
    <QtMoc Include="CanPool\Header Files\pagesorter.h">
      <Filter>CanPool\Header Files</Filter>
    </QtMoc>
    <QtMoc Include="CanPool\Header Files\quickaccessbar.h">
      <Filter>CanPool\Header Files</Filter>
    </QtMoc>
    <QtMoc Include="CanPool\Header Files\simplefilter.h">
      <Filter>CanPool\Header Files</Filter>
    </QtMoc>
    <QtMoc Include="CanPool\Header Files\skinitem.h">
      <Filter>CanPool\Header Files</Filter>
    </QtMoc>
    <QtMoc Include="CanPool\Header Files\tinytabwidget.h">
      <Filter>CanPool\Header Files</Filter>
    </QtMoc>
    <QtMoc Include="CanPool\Source Files\fancybanner.cpp">
      <Filter>CanPool\Source Files</Filter>
    </QtMoc>
    <QtMoc Include="CanPool\Source Files\fancybar.cpp">
      <Filter>CanPool\Source Files</Filter>
    </QtMoc>
    <QtMoc Include="CanPool\Source Files\fancynavbar.cpp">
      <Filter>CanPool\Source Files</Filter>
    </QtMoc>
    <QtMoc Include="CanPool\Source Files\fancytabbar.cpp">
      <Filter>CanPool\Source Files</Filter>
    </QtMoc>
    <QtMoc Include="CanPool\Source Files\minicard.cpp">
      <Filter>CanPool\Source Files</Filter>
    </QtMoc>
    <QtMoc Include="CanPool\Source Files\ministack.cpp">
      <Filter>CanPool\Source Files</Filter>
    </QtMoc>
    <QtMoc Include="CanPool\Source Files\modemanager.cpp">
      <Filter>CanPool\Source Files</Filter>
    </QtMoc>
    <QtMoc Include="CanPool\Source Files\quickaccessbar.cpp">
      <Filter>CanPool\Source Files</Filter>
    </QtMoc>
    <QtMoc Include="CanPool\Source Files\simplefilter.cpp">
      <Filter>CanPool\Source Files</Filter>
    </QtMoc>
    <QtMoc Include="CanPool\Source Files\tinytabwidget.cpp">
      <Filter>CanPool\Source Files</Filter>
    </QtMoc>
    <QtMoc Include="ExampleMode\Header Files\custommode.h">
      <Filter>ExampleMode\Header Files</Filter>
    </QtMoc>
    <QtMoc Include="ExampleMode\Header Files\menumode.h">
      <Filter>ExampleMode\Header Files</Filter>
    </QtMoc>
    <QtMoc Include="ExampleMode\Header Files\paintmode.h">
      <Filter>ExampleMode\Header Files</Filter>
    </QtMoc>
    <QtMoc Include="FMI\Header Files\FMISimulator.h">
      <Filter>FMI\Header Files</Filter>
    </QtMoc>
    <QtMoc Include="HLA\Header Files\HLAFlowThread.h">
      <Filter>HLA\Header Files</Filter>
    </QtMoc>
    <QtMoc Include="HLA\Header Files\HLAPortAdapter.h">
      <Filter>HLA\Header Files</Filter>
    </QtMoc>
    <QtMoc Include="HLA\Header Files\HLARunControl.h">
      <Filter>HLA\Header Files</Filter>
    </QtMoc>
    <QtMoc Include="main\Header Files\ctablewidget.h">
      <Filter>main\Header Files</Filter>
    </QtMoc>
    <QtMoc Include="main\Header Files\mainwindow.h">
      <Filter>main\Header Files</Filter>
    </QtMoc>
    <QtMoc Include="main\Header Files\skindialog.h">
      <Filter>main\Header Files</Filter>
    </QtMoc>
    <QtMoc Include="Plugin-CustomPlot\Header Files\fcustomplot.h">
      <Filter>Plugin-CustomPlot\Header Files</Filter>
    </QtMoc>
    <QtMoc Include="Plugin-CustomPlot\Header Files\qcustomchart.h">
      <Filter>Plugin-CustomPlot\Header Files</Filter>
    </QtMoc>
    <QtMoc Include="Plugin-CustomPlot\Header Files\qcustomplot.h">
      <Filter>Plugin-CustomPlot\Header Files</Filter>
    </QtMoc>
    <QtMoc Include="Plugin-Dial\Header Files\dashboard.h">
      <Filter>Plugin-Dial\Header Files</Filter>
    </QtMoc>
    <QtMoc Include="Plugin-Dial\Header Files\dialplot.h">
      <Filter>Plugin-Dial\Header Files</Filter>
    </QtMoc>
    <QtMoc Include="Plugin-ProcessBar\Header Files\colorprogressbar.h">
      <Filter>Plugin-ProcessBar\Header Files</Filter>
    </QtMoc>
    <QtMoc Include="Plugin-ProcessBar\Header Files\qroundprogressbar.h">
      <Filter>Plugin-ProcessBar\Header Files</Filter>
    </QtMoc>
    <QtMoc Include="Plugin-ProcessBar\Header Files\stateprogressbar.h">
      <Filter>Plugin-ProcessBar\Header Files</Filter>
    </QtMoc>
    <QtMoc Include="Plugin-ProcessBar\Header Files\waitprogressbar.h">
      <Filter>Plugin-ProcessBar\Header Files</Filter>
    </QtMoc>
    <QtMoc Include="Plugin-ProcessBar\Header Files\zoomcirclewait.h">
      <Filter>Plugin-ProcessBar\Header Files</Filter>
    </QtMoc>
    <QtMoc Include="FMI\Header Files\FMISupport.h">
      <Filter>FMI\Header Files</Filter>
    </QtMoc>
    <QtMoc Include="FMIAdvance\Header Files\FMIAdvance.h">
      <Filter>FMIAdvance\Header Files</Filter>
    </QtMoc>
    <QtMoc Include="Modeling\Header Files\Modeling.h">
      <Filter>Modeling\Header Files</Filter>
    </QtMoc>
    <QtMoc Include="DropLabel.h">
      <Filter>Modeling\Header Files</Filter>
    </QtMoc>
    <QtMoc Include="ToolDragStack.h">
      <Filter>Modeling\Header Files</Filter>
    </QtMoc>
  </ItemGroup>
  <ItemGroup>
    <ClInclude Include="CanPool\Header Files\cursor.h">
      <Filter>CanPool\Header Files</Filter>
    </ClInclude>
    <ClInclude Include="CanPool\Header Files\qcanpool.h">
      <Filter>CanPool\Header Files</Filter>
    </ClInclude>
    <ClInclude Include="CanPool\Header Files\qcanpool_global.h">
      <Filter>CanPool\Header Files</Filter>
    </ClInclude>
    <ClInclude Include="CanPool\Header Files\screenhelper.h">
      <Filter>CanPool\Header Files</Filter>
    </ClInclude>
    <ClInclude Include="main\Header Files\cwidgets.h">
      <Filter>main\Header Files</Filter>
    </ClInclude>
    <ClInclude Include="main\Header Files\theme.h">
      <Filter>main\Header Files</Filter>
    </ClInclude>
  </ItemGroup>
  <ItemGroup>
    <ClCompile Include="CanPool\Source Files\centralarea.cpp">
      <Filter>CanPool\Source Files</Filter>
    </ClCompile>
    <ClCompile Include="CanPool\Source Files\cursor.cpp">
      <Filter>CanPool\Source Files</Filter>
    </ClCompile>
    <ClCompile Include="CanPool\Source Files\fancybutton.cpp">
      <Filter>CanPool\Source Files</Filter>
    </ClCompile>
    <ClCompile Include="CanPool\Source Files\fancydialog.cpp">
      <Filter>CanPool\Source Files</Filter>
    </ClCompile>
    <ClCompile Include="CanPool\Source Files\fancynavbutton.cpp">
      <Filter>CanPool\Source Files</Filter>
    </ClCompile>
    <ClCompile Include="CanPool\Source Files\fancytab.cpp">
      <Filter>CanPool\Source Files</Filter>
    </ClCompile>
    <ClCompile Include="CanPool\Source Files\fancytabwidget.cpp">
      <Filter>CanPool\Source Files</Filter>
    </ClCompile>
    <ClCompile Include="CanPool\Source Files\fancywindow.cpp">
      <Filter>CanPool\Source Files</Filter>
    </ClCompile>
    <ClCompile Include="CanPool\Source Files\imode.cpp">
      <Filter>CanPool\Source Files</Filter>
    </ClCompile>
    <ClCompile Include="CanPool\Source Files\imodebar.cpp">
      <Filter>CanPool\Source Files</Filter>
    </ClCompile>
    <ClCompile Include="CanPool\Source Files\imodebutton.cpp">
      <Filter>CanPool\Source Files</Filter>
    </ClCompile>
    <ClCompile Include="CanPool\Source Files\minisplitter.cpp">
      <Filter>CanPool\Source Files</Filter>
    </ClCompile>
    <ClCompile Include="CanPool\Source Files\pagesorter.cpp">
      <Filter>CanPool\Source Files</Filter>
    </ClCompile>
    <ClCompile Include="CanPool\Source Files\qcanpool.cpp">
      <Filter>CanPool\Source Files</Filter>
    </ClCompile>
    <ClCompile Include="CanPool\Source Files\screenhelper.cpp">
      <Filter>CanPool\Source Files</Filter>
    </ClCompile>
    <ClCompile Include="CanPool\Source Files\skinitem.cpp">
      <Filter>CanPool\Source Files</Filter>
    </ClCompile>
    <ClCompile Include="ExampleMode\Source Files\custommode.cpp">
      <Filter>ExampleMode\Source Files</Filter>
    </ClCompile>
    <ClCompile Include="ExampleMode\Source Files\menumode.cpp">
      <Filter>ExampleMode\Source Files</Filter>
    </ClCompile>
    <ClCompile Include="ExampleMode\Source Files\paintmode.cpp">
      <Filter>ExampleMode\Source Files</Filter>
    </ClCompile>
    <ClCompile Include="FMI\Source Files\FMISimulator.cpp">
      <Filter>FMI\Source Files</Filter>
    </ClCompile>
    <ClCompile Include="FMI\Source Files\FMISupport.cpp">
      <Filter>FMI\Source Files</Filter>
    </ClCompile>
    <ClCompile Include="FMI\Source Files\XmlElement.cpp">
      <Filter>FMI\Source Files</Filter>
    </ClCompile>
    <ClCompile Include="FMI\Source Files\XmlParser.cpp">
      <Filter>FMI\Source Files</Filter>
    </ClCompile>
    <ClCompile Include="FMI\Source Files\XmlParserCApi.cpp">
      <Filter>FMI\Source Files</Filter>
    </ClCompile>
    <ClCompile Include="FMI\Source Files\xmlVersionParser.c">
      <Filter>FMI\Source Files</Filter>
    </ClCompile>
    <ClCompile Include="HLA\Source Files\Config.cpp">
      <Filter>HLA\Source Files</Filter>
    </ClCompile>
    <ClCompile Include="HLA\Source Files\HLAFlowThread.cpp">
      <Filter>HLA\Source Files</Filter>
    </ClCompile>
    <ClCompile Include="HLA\Source Files\HLAPortAdapter.cpp">
      <Filter>HLA\Source Files</Filter>
    </ClCompile>
    <ClCompile Include="HLA\Source Files\HLARunControl.cpp">
      <Filter>HLA\Source Files</Filter>
    </ClCompile>
    <ClCompile Include="main\Source Files\ctablewidget.cpp">
      <Filter>main\Source Files</Filter>
    </ClCompile>
    <ClCompile Include="main\Source Files\main.cpp">
      <Filter>main\Source Files</Filter>
    </ClCompile>
    <ClCompile Include="main\Source Files\mainwindow.cpp">
      <Filter>main\Source Files</Filter>
    </ClCompile>
    <ClCompile Include="main\Source Files\skindialog.cpp">
      <Filter>main\Source Files</Filter>
    </ClCompile>
    <ClCompile Include="main\Source Files\theme.cpp">
      <Filter>main\Source Files</Filter>
    </ClCompile>
    <ClCompile Include="Plugin-CustomPlot\Source Files\fcustomplot.cpp">
      <Filter>Plugin-CustomPlot\Source Files</Filter>
    </ClCompile>
    <ClCompile Include="Plugin-CustomPlot\Source Files\qcustomchart.cpp">
      <Filter>Plugin-CustomPlot\Source Files</Filter>
    </ClCompile>
    <ClCompile Include="Plugin-CustomPlot\Source Files\qcustomplot.cpp">
      <Filter>Plugin-CustomPlot\Source Files</Filter>
    </ClCompile>
    <ClCompile Include="Plugin-Dial\Source Files\dashboard.cpp">
      <Filter>Plugin-Dial\Source Files</Filter>
    </ClCompile>
    <ClCompile Include="Plugin-Dial\Source Files\dialplot.cpp">
      <Filter>Plugin-Dial\Source Files</Filter>
    </ClCompile>
    <ClCompile Include="Plugin-ProcessBar\Source Files\colorprogressbar.cpp">
      <Filter>Plugin-ProcessBar\Source Files</Filter>
    </ClCompile>
    <ClCompile Include="Plugin-ProcessBar\Source Files\qroundprogressbar.cpp">
      <Filter>Plugin-ProcessBar\Source Files</Filter>
    </ClCompile>
    <ClCompile Include="Plugin-ProcessBar\Source Files\stateprogressbar.cpp">
      <Filter>Plugin-ProcessBar\Source Files</Filter>
    </ClCompile>
    <ClCompile Include="Plugin-ProcessBar\Source Files\waitprogressbar.cpp">
      <Filter>Plugin-ProcessBar\Source Files</Filter>
    </ClCompile>
    <ClCompile Include="Plugin-ProcessBar\Source Files\zoomcirclewait.cpp">
      <Filter>Plugin-ProcessBar\Source Files</Filter>
    </ClCompile>
    <ClCompile Include="FMIAdvance\Source Files\FMIAdvance.cpp">
      <Filter>FMIAdvance\Source Files</Filter>
    </ClCompile>
    <ClCompile Include="Modeling\Source Files\Modeling.cpp">
      <Filter>Modeling\SourceFiles</Filter>
    </ClCompile>
    <ClCompile Include="ToolDragStack.cpp">
      <Filter>Modeling\SourceFiles</Filter>
    </ClCompile>
    <ClCompile Include="DropLabel.cpp">
      <Filter>Modeling\SourceFiles</Filter>
    </ClCompile>
  </ItemGroup>
</Project>